
Microsoft Visual Studio Solution File, Format Version 12.00
# Visual Studio 15
VisualStudioVersion = 15.0.28010.2046
MinimumVisualStudioVersion = 10.0.40219.1
Project("{8BC9CEB8-8B4A-11D0-8D11-00A0C91BC942}") = "pmetodikLab5", "pmetodikLab5\pmetodikLab5.vcxproj", "{B9ED056F-4138-4A37-84B0-EE5D19AEBD30}"
EndProject
Global
	GlobalSection(SolutionConfigurationPlatforms) = preSolution
		Debug|x64 = Debug|x64
		Debug|x86 = Debug|x86
		Release|x64 = Release|x64
		Release|x86 = Release|x86
	EndGlobalSection
	GlobalSection(ProjectConfigurationPlatforms) = postSolution
		{B9ED056F-4138-4A37-84B0-EE5D19AEBD30}.Debug|x64.ActiveCfg = Debug|x64
		{B9ED056F-4138-4A37-84B0-EE5D19AEBD30}.Debug|x64.Build.0 = Debug|x64
		{B9ED056F-4138-4A37-84B0-EE5D19AEBD30}.Debug|x86.ActiveCfg = Debug|Win32
		{B9ED056F-4138-4A37-84B0-EE5D19AEBD30}.Debug|x86.Build.0 = Debug|Win32
		{B9ED056F-4138-4A37-84B0-EE5D19AEBD30}.Release|x64.ActiveCfg = Release|x64
		{B9ED056F-4138-4A37-84B0-EE5D19AEBD30}.Release|x64.Build.0 = Release|x64
		{B9ED056F-4138-4A37-84B0-EE5D19AEBD30}.Release|x86.ActiveCfg = Release|Win32
		{B9ED056F-4138-4A37-84B0-EE5D19AEBD30}.Release|x86.Build.0 = Release|Win32
	EndGlobalSection
	GlobalSection(SolutionProperties) = preSolution
		HideSolutionNode = FALSE
	EndGlobalSection
	GlobalSection(ExtensibilityGlobals) = postSolution
		SolutionGuid = {552C8F1C-5075-411B-9D57-4529A166D019}
	EndGlobalSection
EndGlobal
